
Microsoft Visual Studio Solution File, Format Version 12.00
# Visual Studio 15
VisualStudioVersion = 15.0.28307.438
MinimumVisualStudioVersion = 10.0.40219.1
Project("{FAE04EC0-301F-11D3-BF4B-00C04F79EFBC}") = "MouseBound", "MouseBound\MouseBound.csproj", "{E5AB8A29-EB57-42DE-8EEF-2A36F397FD0B}"
EndProject
Project("{2150E333-8FDC-42A3-9474-1A3956D46DE8}") = "Solution Items", "Solution Items", "{72646463-B8A3-4D9E-8BDB-E746D6AFECF9}"
	ProjectSection(SolutionItems) = preProject
		README.md = README.md
	EndProjectSection
EndProject
Global
	GlobalSection(SolutionConfigurationPlatforms) = preSolution
		Debug|Any CPU = Debug|Any CPU
		Release|Any CPU = Release|Any CPU
	EndGlobalSection
	GlobalSection(ProjectConfigurationPlatforms) = postSolution
		{E5AB8A29-EB57-42DE-8EEF-2A36F397FD0B}.Debug|Any CPU.ActiveCfg = Debug|Any CPU
		{E5AB8A29-EB57-42DE-8EEF-2A36F397FD0B}.Debug|Any CPU.Build.0 = Debug|Any CPU
		{E5AB8A29-EB57-42DE-8EEF-2A36F397FD0B}.Release|Any CPU.ActiveCfg = Release|Any CPU
		{E5AB8A29-EB57-42DE-8EEF-2A36F397FD0B}.Release|Any CPU.Build.0 = Release|Any CPU
	EndGlobalSection
	GlobalSection(SolutionProperties) = preSolution
		HideSolutionNode = FALSE
	EndGlobalSection
	GlobalSection(ExtensibilityGlobals) = postSolution
		SolutionGuid = {7FF81BF3-6498-4692-98CD-4060B664596E}
	EndGlobalSection
EndGlobal
